PODS:
  - composeApp (1.0):
    - DittoObjC (= 4.7.1)
  - DittoObjC (4.7.1)

DEPENDENCIES:
  - composeApp (from `../composeApp`)

SPEC REPOS:
  trunk:
    - DittoObjC

EXTERNAL SOURCES:
  composeApp:
    :path: "../composeApp"

SPEC CHECKSUMS:
  composeApp: 9eedf8d78106b2147ebe594044e8b617a5b1a941
  DittoObjC: bfbd32b2af98c419459cb840d89571081ef4f251

PODFILE CHECKSUM: 242e50d84a007bb317a735799dc948c57df6eda8

COCOAPODS: 1.15.2
